// !$*UTF8*$!
{
	archiveVersion = 1;
	classes = {
	};
	objectVersion = 46;
	objects = {

/* Begin PBXBuildFile section */
		F4801B1B1C0DAD740062E3E5 /* main.cpp in Sources */ = {isa = PBXBuildFile; fileRef = F4801B1A1C0DAD740062E3E5 /* main.cpp */; };
		F4801B231C0DADC20062E3E5 /* AvlTree.cpp in Sources */ = {isa = PBXBuildFile; fileRef = F4801B211C0DADC20062E3E5 /* AvlTree.cpp */; };
/* End PBXBuildFile section */

/* Begin PBXCopyFilesBuildPhase section */
		F4801B151C0DAD740062E3E5 /* CopyFiles */ = {
			isa = PBXCopyFilesBuildPhase;
			buildActionMask = 2147483647;
			dstPath = /usr/share/man/man1/;
			dstSubfolderSpec = 0;
			files = (
			);
			runOnlyForDeploymentPostprocessing = 1;
		};
/* End PBXCopyFilesBuildPhase section */

/* Begin PBXFileReference section */
		F4801B171C0DAD740062E3E5 /* AvlTree */ = {isa = PBXFileReference; explicitFileType = "compiled.mach-o.executable"; includeInIndex = 0; path = AvlTree; sourceTree = BUILT_PRODUCTS_DIR; };
		F4801B1A1C0DAD740062E3E5 /* main.cpp */ = {isa = PBXFileReference; lastKnownFileType = sourcecode.cpp.cpp; path = main.cpp; sourceTree = "<group>"; };
		F4801B211C0DADC20062E3E5 /* AvlTree.cpp */ = {isa = PBXFileReference; fileEncoding = 4; lastKnownFileType = sourcecode.cpp.cpp; path = AvlTree.cpp; sourceTree = "<group>"; };
		F4801B221C0DADC20062E3E5 /* AvlTree.hpp */ = {isa = PBXFileReference; fileEncoding = 4; lastKnownFileType = sourcecode.cpp.h; path = AvlTree.hpp; sourceTree = "<group>"; };
/* End PBXFileReference section */

/* Begin PBXFrameworksBuildPhase section */
		F4801B141C0DAD740062E3E5 /* Frameworks */ = {
			isa = PBXFrameworksBuildPhase;
			buildActionMask = 2147483647;
			files = (
			);
			runOnlyForDeploymentPostprocessing = 0;
		};
/* End PBXFrameworksBuildPhase section */

/* Begin PBXGroup section */
		F4801B0E1C0DAD740062E3E5 = {
			isa = PBXGroup;
			children = (
				F4801B191C0DAD740062E3E5 /* AvlTree */,
				F4801B181C0DAD740062E3E5 /* Products */,
			);
			sourceTree = "<group>";
		};
		F4801B181C0DAD740062E3E5 /* Products */ = {
			isa = PBXGroup;
			children = (
				F4801B171C0DAD740062E3E5 /* AvlTree */,
			);
			name = Products;
			sourceTree = "<group>";
		};
		F4801B191C0DAD740062E3E5 /* AvlTree */ = {
			isa = PBXGroup;
			children = (
				F4801B1A1C0DAD740062E3E5 /* main.cpp */,
				F4801B211C0DADC20062E3E5 /* AvlTree.cpp */,
				F4801B221C0DADC20062E3E5 /* AvlTree.hpp */,
			);
			path = AvlTree;
			sourceTree = "<group>";
		};
/* End PBXGroup section */

/* Begin PBXNativeTarget section */
		F4801B161C0DAD740062E3E5 /* AvlTree */ = {
			isa = PBXNativeTarget;
			buildConfigurationList = F4801B1E1C0DAD740062E3E5 /* Build configuration list for PBXNativeTarget "AvlTree" */;
			buildPhases = (
				F4801B131C0DAD740062E3E5 /* Sources */,
				F4801B141C0DAD740062E3E5 /* Frameworks */,
				F4801B151C0DAD740062E3E5 /* CopyFiles */,
			);
			buildRules = (
			);
			dependencies = (
			);
			name = AvlTree;
			productName = AvlTree;
			productReference = F4801B171C0DAD740062E3E5 /* AvlTree */;
			productType = "com.apple.product-type.tool";
		};
/* End PBXNativeTarget section */

/* Begin PBXProject section */
		F4801B0F1C0DAD740062E3E5 /* Project object */ = {
			isa = PBXProject;
			attributes = {
				LastUpgradeCheck = 0710;
				ORGANIZATIONNAME = ShenTensen;
				TargetAttributes = {
					F4801B161C0DAD740062E3E5 = {
						CreatedOnToolsVersion = 7.1.1;
					};
				};
			};
			buildConfigurationList = F4801B121C0DAD740062E3E5 /* Build configuration list for PBXProject "AvlTree" */;
			compatibilityVersion = "Xcode 3.2";
			developmentRegion = English;
			hasScannedForEncodings = 0;
			knownRegions = (
				en,
			);
			mainGroup = F4801B0E1C0DAD740062E3E5;
			productRefGroup = F4801B181C0DAD740062E3E5 /* Products */;
			projectDirPath = "";
			projectRoot = "";
			targets = (
				F4801B161C0DAD740062E3E5 /* AvlTree */,
			);
		};
/* End PBXProject section */

/* Begin PBXSourcesBuildPhase section */
		F4801B131C0DAD740062E3E5 /* Sources */ = {
			isa = PBXSourcesBuildPhase;
			buildActionMask = 2147483647;
			files = (
				F4801B1B1C0DAD740062E3E5 /* main.cpp in Sources */,
				F4801B231C0DADC20062E3E5 /* AvlTree.cpp in Sources */,
			);
			runOnlyForDeploymentPostprocessing = 0;
		};
/* End PBXSourcesBuildPhase section */

/* Begin XCBuildConfiguration section */
		F4801B1C1C0DAD740062E3E5 /* Debug */ = {
			isa = XCBuildConfiguration;
			buildSettings = {
				ALWAYS_SEARCH_USER_PATHS = NO;
				CLANG_CXX_LANGUAGE_STANDARD = "gnu++0x";
				CLANG_CXX_LIBRARY = "libc++";
				CLANG_ENABLE_MODULES = YES;
				CLANG_ENABLE_OBJC_ARC = YES;
				CLANG_WARN_BOOL_CONVERSION = YES;
				CLANG_WARN_CONSTANT_CONVERSION = YES;
				CLANG_WARN_DIRECT_OBJC_ISA_USAGE = YES_ERROR;
				CLANG_WARN_EMPTY_BODY = YES;
				CLANG_WARN_ENUM_CONVERSION = YES;
				CLANG_WARN_INT_CONVERSION = YES;
				CLANG_WARN_OBJC_ROOT_CLASS = YES_ERROR;
				CLANG_WARN_UNREACHABLE_CODE = YES;
				CLANG_WARN__DUPLICATE_METHOD_MATCH = YES;
				CODE_SIGN_IDENTITY = "-";
				COPY_PHASE_STRIP = NO;
				DEBUG_INFORMATION_FORMAT = dwarf;
				ENABLE_STRICT_OBJC_MSGSEND = YES;
				ENABLE_TESTABILITY = YES;
				GCC_C_LANGUAGE_STANDARD = gnu99;
				GCC_DYNAMIC_NO_PIC = NO;
				GCC_NO_COMMON_BLOCKS = YES;
				GCC_OPTIMIZATION_LEVEL = 0;
				GCC_PREPROCESSOR_DEFINITIONS = (
					"DEBUG=1",
					"$(inherited)",
				);
				GCC_WARN_64_TO_32_BIT_CONVERSION = YES;
				GCC_WARN_ABOUT_RETURN_TYPE = YES_ERROR;
				GCC_WARN_UNDECLARED_SELECTOR = YES;
				GCC_WARN_UNINITIALIZED_AUTOS = YES_AGGRESSIVE;
				GCC_WARN_UNUSED_FUNCTION = YES;
				GCC_WARN_UNUSED_VARIABLE = YES;
				MACOSX_DEPLOYMENT_TARGET = 10.10;
				MTL_ENABLE_DEBUG_INFO = YES;
				ONLY_ACTIVE_ARCH = YES;
				SDKROOT = macosx;
			};
			name = Debug;
		};
		F4801B1D1C0DAD740062E3E5 /* Release */ = {
			isa = XCBuildConfiguration;
			buildSettings = {
				ALWAYS_SEARCH_USER_PATHS = NO;
				CLANG_CXX_LANGUAGE_STANDARD = "gnu++0x";
				CLANG_CXX_LIBRARY = "libc++";
				CLANG_ENABLE_MODULES = YES;
				CLANG_ENABLE_OBJC_ARC = YES;
				CLANG_WARN_BOOL_CONVERSION = YES;
				CLANG_WARN_CONSTANT_CONVERSION = YES;
				CLANG_WARN_DIRECT_OBJC_ISA_USAGE = YES_ERROR;
				CLANG_WARN_EMPTY_BODY = YES;
				CLANG_WARN_ENUM_CONVERSION = YES;
				CLANG_WARN_INT_CONVERSION = YES;
				CLANG_WARN_OBJC_ROOT_CLASS = YES_ERROR;
				CLANG_WARN_UNREACHABLE_CODE = YES;
				CLANG_WARN__DUPLICATE_METHOD_MATCH = YES;
				CODE_SIGN_IDENTITY = "-";
				COPY_PHASE_STRIP = NO;
				DEBUG_INFORMATION_FORMAT = "dwarf-with-dsym";
				ENABLE_NS_ASSERTIONS = NO;
				ENABLE_STRICT_OBJC_MSGSEND = YES;
				GCC_C_LANGUAGE_STANDARD = gnu99;
				GCC_NO_COMMON_BLOCKS = YES;
				GCC_WARN_64_TO_32_BIT_CONVERSION = YES;
				GCC_WARN_ABOUT_RETURN_TYPE = YES_ERROR;
				GCC_WARN_UNDECLARED_SELECTOR = YES;
				GCC_WARN_UNINITIALIZED_AUTOS = YES_AGGRESSIVE;
				GCC_WARN_UNUSED_FUNCTION = YES;
				GCC_WARN_UNUSED_VARIABLE = YES;
				MACOSX_DEPLOYMENT_TARGET = 10.10;
				MTL_ENABLE_DEBUG_INFO = NO;
				SDKROOT = macosx;
			};
			name = Release;
		};
		F4801B1F1C0DAD740062E3E5 /* Debug */ = {
			isa = XCBuildConfiguration;
			buildSettings = {
				PRODUCT_NAME = "$(TARGET_NAME)";
			};
			name = Debug;
		};
		F4801B201C0DAD740062E3E5 /* Release */ = {
			isa = XCBuildConfiguration;
			buildSettings = {
				PRODUCT_NAME = "$(TARGET_NAME)";
			};
			name = Release;
		};
/* End XCBuildConfiguration section */

/* Begin XCConfigurationList section */
		F4801B121C0DAD740062E3E5 /* Build configuration list for PBXProject "AvlTree" */ = {
			isa = XCConfigurationList;
			buildConfigurations = (
				F4801B1C1C0DAD740062E3E5 /* Debug */,
				F4801B1D1C0DAD740062E3E5 /* Release */,
			);
			defaultConfigurationIsVisible = 0;
			defaultConfigurationName = Release;
		};
		F4801B1E1C0DAD740062E3E5 /* Build configuration list for PBXNativeTarget "AvlTree" */ = {
			isa = XCConfigurationList;
			buildConfigurations = (
				F4801B1F1C0DAD740062E3E5 /* Debug */,
				F4801B201C0DAD740062E3E5 /* Release */,
			);
			defaultConfigurationIsVisible = 0;
		};
/* End XCConfigurationList section */
	};
	rootObject = F4801B0F1C0DAD740062E3E5 /* Project object */;
}
