// !$*UTF8*$!
{
	archiveVersion = 1;
	classes = {
	};
	objectVersion = 46;
	objects = {

/* Begin PBXBuildFile section */
		F454F5E31BDF91CC00E2B6CB /* HuffmanTree.cpp in Sources */ = {isa = PBXBuildFile; fileRef = F454F5E01BDF91CC00E2B6CB /* HuffmanTree.cpp */; };
		F454F5E41BDF91CC00E2B6CB /* main.cpp in Sources */ = {isa = PBXBuildFile; fileRef = F454F5E21BDF91CC00E2B6CB /* main.cpp */; };
		F4E2CD891BECD2EF00FAA53C /* Stack.cpp in Sources */ = {isa = PBXBuildFile; fileRef = F4E2CD871BECD2EF00FAA53C /* Stack.cpp */; };
/* End PBXBuildFile section */

/* Begin PBXCopyFilesBuildPhase section */
		F454F5D41BDF91A100E2B6CB /* CopyFiles */ = {
			isa = PBXCopyFilesBuildPhase;
			buildActionMask = 2147483647;
			dstPath = /usr/share/man/man1/;
			dstSubfolderSpec = 0;
			files = (
			);
			runOnlyForDeploymentPostprocessing = 1;
		};
/* End PBXCopyFilesBuildPhase section */

/* Begin PBXFileReference section */
		F454F5D61BDF91A100E2B6CB /* HuffmanTree */ = {isa = PBXFileReference; explicitFileType = "compiled.mach-o.executable"; includeInIndex = 0; path = HuffmanTree; sourceTree = BUILT_PRODUCTS_DIR; };
		F454F5E01BDF91CC00E2B6CB /* HuffmanTree.cpp */ = {isa = PBXFileReference; fileEncoding = 4; lastKnownFileType = sourcecode.cpp.cpp; path = HuffmanTree.cpp; sourceTree = "<group>"; };
		F454F5E11BDF91CC00E2B6CB /* HuffmanTree.h */ = {isa = PBXFileReference; fileEncoding = 4; lastKnownFileType = sourcecode.c.h; path = HuffmanTree.h; sourceTree = "<group>"; };
		F454F5E21BDF91CC00E2B6CB /* main.cpp */ = {isa = PBXFileReference; fileEncoding = 4; lastKnownFileType = sourcecode.cpp.cpp; path = main.cpp; sourceTree = "<group>"; };
		F490A2C91C01A32F00DC1C07 /* Stack.h */ = {isa = PBXFileReference; fileEncoding = 4; lastKnownFileType = sourcecode.c.h; path = Stack.h; sourceTree = "<group>"; };
		F4E2CD871BECD2EF00FAA53C /* Stack.cpp */ = {isa = PBXFileReference; fileEncoding = 4; lastKnownFileType = sourcecode.cpp.cpp; path = Stack.cpp; sourceTree = "<group>"; };
/* End PBXFileReference section */

/* Begin PBXFrameworksBuildPhase section */
		F454F5D31BDF91A100E2B6CB /* Frameworks */ = {
			isa = PBXFrameworksBuildPhase;
			buildActionMask = 2147483647;
			files = (
			);
			runOnlyForDeploymentPostprocessing = 0;
		};
/* End PBXFrameworksBuildPhase section */

/* Begin PBXGroup section */
		F454F5CD1BDF91A100E2B6CB = {
			isa = PBXGroup;
			children = (
				F454F5D81BDF91A100E2B6CB /* HuffmanTree */,
				F454F5D71BDF91A100E2B6CB /* Products */,
			);
			sourceTree = "<group>";
		};
		F454F5D71BDF91A100E2B6CB /* Products */ = {
			isa = PBXGroup;
			children = (
				F454F5D61BDF91A100E2B6CB /* HuffmanTree */,
			);
			name = Products;
			sourceTree = "<group>";
		};
		F454F5D81BDF91A100E2B6CB /* HuffmanTree */ = {
			isa = PBXGroup;
			children = (
				F454F5E21BDF91CC00E2B6CB /* main.cpp */,
				F454F5E11BDF91CC00E2B6CB /* HuffmanTree.h */,
				F454F5E01BDF91CC00E2B6CB /* HuffmanTree.cpp */,
				F4E2CD871BECD2EF00FAA53C /* Stack.cpp */,
				F490A2C91C01A32F00DC1C07 /* Stack.h */,
			);
			path = HuffmanTree;
			sourceTree = "<group>";
		};
/* End PBXGroup section */

/* Begin PBXNativeTarget section */
		F454F5D51BDF91A100E2B6CB /* HuffmanTree */ = {
			isa = PBXNativeTarget;
			buildConfigurationList = F454F5DD1BDF91A100E2B6CB /* Build configuration list for PBXNativeTarget "HuffmanTree" */;
			buildPhases = (
				F454F5D21BDF91A100E2B6CB /* Sources */,
				F454F5D31BDF91A100E2B6CB /* Frameworks */,
				F454F5D41BDF91A100E2B6CB /* CopyFiles */,
			);
			buildRules = (
			);
			dependencies = (
			);
			name = HuffmanTree;
			productName = HuffmanTree;
			productReference = F454F5D61BDF91A100E2B6CB /* HuffmanTree */;
			productType = "com.apple.product-type.tool";
		};
/* End PBXNativeTarget section */

/* Begin PBXProject section */
		F454F5CE1BDF91A100E2B6CB /* Project object */ = {
			isa = PBXProject;
			attributes = {
				LastUpgradeCheck = 0710;
				ORGANIZATIONNAME = ShenTensen;
				TargetAttributes = {
					F454F5D51BDF91A100E2B6CB = {
						CreatedOnToolsVersion = 7.1;
					};
				};
			};
			buildConfigurationList = F454F5D11BDF91A100E2B6CB /* Build configuration list for PBXProject "HuffmanTree" */;
			compatibilityVersion = "Xcode 3.2";
			developmentRegion = English;
			hasScannedForEncodings = 0;
			knownRegions = (
				en,
			);
			mainGroup = F454F5CD1BDF91A100E2B6CB;
			productRefGroup = F454F5D71BDF91A100E2B6CB /* Products */;
			projectDirPath = "";
			projectRoot = "";
			targets = (
				F454F5D51BDF91A100E2B6CB /* HuffmanTree */,
			);
		};
/* End PBXProject section */

/* Begin PBXSourcesBuildPhase section */
		F454F5D21BDF91A100E2B6CB /* Sources */ = {
			isa = PBXSourcesBuildPhase;
			buildActionMask = 2147483647;
			files = (
				F454F5E41BDF91CC00E2B6CB /* main.cpp in Sources */,
				F454F5E31BDF91CC00E2B6CB /* HuffmanTree.cpp in Sources */,
				F4E2CD891BECD2EF00FAA53C /* Stack.cpp in Sources */,
			);
			runOnlyForDeploymentPostprocessing = 0;
		};
/* End PBXSourcesBuildPhase section */

/* Begin XCBuildConfiguration section */
		F454F5DB1BDF91A100E2B6CB /* Debug */ = {
			isa = XCBuildConfiguration;
			buildSettings = {
				ALWAYS_SEARCH_USER_PATHS = NO;
				CLANG_CXX_LANGUAGE_STANDARD = "gnu++0x";
				CLANG_CXX_LIBRARY = "libc++";
				CLANG_ENABLE_MODULES = YES;
				CLANG_ENABLE_OBJC_ARC = YES;
				CLANG_WARN_BOOL_CONVERSION = YES;
				CLANG_WARN_CONSTANT_CONVERSION = YES;
				CLANG_WARN_DIRECT_OBJC_ISA_USAGE = YES_ERROR;
				CLANG_WARN_EMPTY_BODY = YES;
				CLANG_WARN_ENUM_CONVERSION = YES;
				CLANG_WARN_INT_CONVERSION = YES;
				CLANG_WARN_OBJC_ROOT_CLASS = YES_ERROR;
				CLANG_WARN_UNREACHABLE_CODE = YES;
				CLANG_WARN__DUPLICATE_METHOD_MATCH = YES;
				CODE_SIGN_IDENTITY = "-";
				COPY_PHASE_STRIP = NO;
				DEBUG_INFORMATION_FORMAT = dwarf;
				ENABLE_STRICT_OBJC_MSGSEND = YES;
				ENABLE_TESTABILITY = YES;
				GCC_C_LANGUAGE_STANDARD = gnu99;
				GCC_DYNAMIC_NO_PIC = NO;
				GCC_NO_COMMON_BLOCKS = YES;
				GCC_OPTIMIZATION_LEVEL = 0;
				GCC_PREPROCESSOR_DEFINITIONS = (
					"DEBUG=1",
					"$(inherited)",
				);
				GCC_WARN_64_TO_32_BIT_CONVERSION = YES;
				GCC_WARN_ABOUT_RETURN_TYPE = YES_ERROR;
				GCC_WARN_UNDECLARED_SELECTOR = YES;
				GCC_WARN_UNINITIALIZED_AUTOS = YES_AGGRESSIVE;
				GCC_WARN_UNUSED_FUNCTION = YES;
				GCC_WARN_UNUSED_VARIABLE = YES;
				MACOSX_DEPLOYMENT_TARGET = 10.10;
				MTL_ENABLE_DEBUG_INFO = YES;
				ONLY_ACTIVE_ARCH = YES;
				SDKROOT = macosx;
			};
			name = Debug;
		};
		F454F5DC1BDF91A100E2B6CB /* Release */ = {
			isa = XCBuildConfiguration;
			buildSettings = {
				ALWAYS_SEARCH_USER_PATHS = NO;
				CLANG_CXX_LANGUAGE_STANDARD = "gnu++0x";
				CLANG_CXX_LIBRARY = "libc++";
				CLANG_ENABLE_MODULES = YES;
				CLANG_ENABLE_OBJC_ARC = YES;
				CLANG_WARN_BOOL_CONVERSION = YES;
				CLANG_WARN_CONSTANT_CONVERSION = YES;
				CLANG_WARN_DIRECT_OBJC_ISA_USAGE = YES_ERROR;
				CLANG_WARN_EMPTY_BODY = YES;
				CLANG_WARN_ENUM_CONVERSION = YES;
				CLANG_WARN_INT_CONVERSION = YES;
				CLANG_WARN_OBJC_ROOT_CLASS = YES_ERROR;
				CLANG_WARN_UNREACHABLE_CODE = YES;
				CLANG_WARN__DUPLICATE_METHOD_MATCH = YES;
				CODE_SIGN_IDENTITY = "-";
				COPY_PHASE_STRIP = NO;
				DEBUG_INFORMATION_FORMAT = "dwarf-with-dsym";
				ENABLE_NS_ASSERTIONS = NO;
				ENABLE_STRICT_OBJC_MSGSEND = YES;
				GCC_C_LANGUAGE_STANDARD = gnu99;
				GCC_NO_COMMON_BLOCKS = YES;
				GCC_WARN_64_TO_32_BIT_CONVERSION = YES;
				GCC_WARN_ABOUT_RETURN_TYPE = YES_ERROR;
				GCC_WARN_UNDECLARED_SELECTOR = YES;
				GCC_WARN_UNINITIALIZED_AUTOS = YES_AGGRESSIVE;
				GCC_WARN_UNUSED_FUNCTION = YES;
				GCC_WARN_UNUSED_VARIABLE = YES;
				MACOSX_DEPLOYMENT_TARGET = 10.10;
				MTL_ENABLE_DEBUG_INFO = NO;
				SDKROOT = macosx;
			};
			name = Release;
		};
		F454F5DE1BDF91A100E2B6CB /* Debug */ = {
			isa = XCBuildConfiguration;
			buildSettings = {
				PRODUCT_NAME = "$(TARGET_NAME)";
			};
			name = Debug;
		};
		F454F5DF1BDF91A100E2B6CB /* Release */ = {
			isa = XCBuildConfiguration;
			buildSettings = {
				PRODUCT_NAME = "$(TARGET_NAME)";
			};
			name = Release;
		};
/* End XCBuildConfiguration section */

/* Begin XCConfigurationList section */
		F454F5D11BDF91A100E2B6CB /* Build configuration list for PBXProject "HuffmanTree" */ = {
			isa = XCConfigurationList;
			buildConfigurations = (
				F454F5DB1BDF91A100E2B6CB /* Debug */,
				F454F5DC1BDF91A100E2B6CB /* Release */,
			);
			defaultConfigurationIsVisible = 0;
			defaultConfigurationName = Release;
		};
		F454F5DD1BDF91A100E2B6CB /* Build configuration list for PBXNativeTarget "HuffmanTree" */ = {
			isa = XCConfigurationList;
			buildConfigurations = (
				F454F5DE1BDF91A100E2B6CB /* Debug */,
				F454F5DF1BDF91A100E2B6CB /* Release */,
			);
			defaultConfigurationIsVisible = 0;
			defaultConfigurationName = Release;
		};
/* End XCConfigurationList section */
	};
	rootObject = F454F5CE1BDF91A100E2B6CB /* Project object */;
}
