// !$*UTF8*$!
{
	archiveVersion = 1;
	classes = {
	};
	objectVersion = 46;
	objects = {

/* Begin PBXBuildFile section */
		F454F5C21BDF915B00E2B6CB /* main.c in Sources */ = {isa = PBXBuildFile; fileRef = F454F5C11BDF915B00E2B6CB /* main.c */; };
		F4EE69A51BE8E2D90023DD86 /* HuffmanTree.c in Sources */ = {isa = PBXBuildFile; fileRef = F4EE69A41BE8E2D90023DD86 /* HuffmanTree.c */; };
/* End PBXBuildFile section */

/* Begin PBXCopyFilesBuildPhase section */
		F454F5BC1BDF915B00E2B6CB /* CopyFiles */ = {
			isa = PBXCopyFilesBuildPhase;
			buildActionMask = 2147483647;
			dstPath = /usr/share/man/man1/;
			dstSubfolderSpec = 0;
			files = (
			);
			runOnlyForDeploymentPostprocessing = 1;
		};
/* End PBXCopyFilesBuildPhase section */

/* Begin PBXFileReference section */
		F454F5BE1BDF915B00E2B6CB /* TensenTree */ = {isa = PBXFileReference; explicitFileType = "compiled.mach-o.executable"; includeInIndex = 0; path = TensenTree; sourceTree = BUILT_PRODUCTS_DIR; };
		F454F5C11BDF915B00E2B6CB /* main.c */ = {isa = PBXFileReference; lastKnownFileType = sourcecode.c.c; path = main.c; sourceTree = "<group>"; };
		F454F5C91BDF916900E2B6CB /* HuffmanTree.h */ = {isa = PBXFileReference; fileEncoding = 4; lastKnownFileType = sourcecode.c.h; path = HuffmanTree.h; sourceTree = "<group>"; };
		F4EE69A41BE8E2D90023DD86 /* HuffmanTree.c */ = {isa = PBXFileReference; fileEncoding = 4; lastKnownFileType = sourcecode.c.c; path = HuffmanTree.c; sourceTree = "<group>"; };
/* End PBXFileReference section */

/* Begin PBXFrameworksBuildPhase section */
		F454F5BB1BDF915B00E2B6CB /* Frameworks */ = {
			isa = PBXFrameworksBuildPhase;
			buildActionMask = 2147483647;
			files = (
			);
			runOnlyForDeploymentPostprocessing = 0;
		};
/* End PBXFrameworksBuildPhase section */

/* Begin PBXGroup section */
		F454F5B51BDF915B00E2B6CB = {
			isa = PBXGroup;
			children = (
				F454F5C01BDF915B00E2B6CB /* TensenTree */,
				F454F5BF1BDF915B00E2B6CB /* Products */,
			);
			sourceTree = "<group>";
		};
		F454F5BF1BDF915B00E2B6CB /* Products */ = {
			isa = PBXGroup;
			children = (
				F454F5BE1BDF915B00E2B6CB /* TensenTree */,
			);
			name = Products;
			sourceTree = "<group>";
		};
		F454F5C01BDF915B00E2B6CB /* TensenTree */ = {
			isa = PBXGroup;
			children = (
				F454F5C11BDF915B00E2B6CB /* main.c */,
				F454F5C91BDF916900E2B6CB /* HuffmanTree.h */,
				F4EE69A41BE8E2D90023DD86 /* HuffmanTree.c */,
			);
			path = TensenTree;
			sourceTree = "<group>";
		};
/* End PBXGroup section */

/* Begin PBXNativeTarget section */
		F454F5BD1BDF915B00E2B6CB /* TensenTree */ = {
			isa = PBXNativeTarget;
			buildConfigurationList = F454F5C51BDF915B00E2B6CB /* Build configuration list for PBXNativeTarget "TensenTree" */;
			buildPhases = (
				F454F5BA1BDF915B00E2B6CB /* Sources */,
				F454F5BB1BDF915B00E2B6CB /* Frameworks */,
				F454F5BC1BDF915B00E2B6CB /* CopyFiles */,
			);
			buildRules = (
			);
			dependencies = (
			);
			name = TensenTree;
			productName = TensenTree;
			productReference = F454F5BE1BDF915B00E2B6CB /* TensenTree */;
			productType = "com.apple.product-type.tool";
		};
/* End PBXNativeTarget section */

/* Begin PBXProject section */
		F454F5B61BDF915B00E2B6CB /* Project object */ = {
			isa = PBXProject;
			attributes = {
				LastUpgradeCheck = 0710;
				ORGANIZATIONNAME = ShenTensen;
				TargetAttributes = {
					F454F5BD1BDF915B00E2B6CB = {
						CreatedOnToolsVersion = 7.1;
					};
				};
			};
			buildConfigurationList = F454F5B91BDF915B00E2B6CB /* Build configuration list for PBXProject "TensenTree" */;
			compatibilityVersion = "Xcode 3.2";
			developmentRegion = English;
			hasScannedForEncodings = 0;
			knownRegions = (
				en,
			);
			mainGroup = F454F5B51BDF915B00E2B6CB;
			productRefGroup = F454F5BF1BDF915B00E2B6CB /* Products */;
			projectDirPath = "";
			projectRoot = "";
			targets = (
				F454F5BD1BDF915B00E2B6CB /* TensenTree */,
			);
		};
/* End PBXProject section */

/* Begin PBXSourcesBuildPhase section */
		F454F5BA1BDF915B00E2B6CB /* Sources */ = {
			isa = PBXSourcesBuildPhase;
			buildActionMask = 2147483647;
			files = (
				F454F5C21BDF915B00E2B6CB /* main.c in Sources */,
				F4EE69A51BE8E2D90023DD86 /* HuffmanTree.c in Sources */,
			);
			runOnlyForDeploymentPostprocessing = 0;
		};
/* End PBXSourcesBuildPhase section */

/* Begin XCBuildConfiguration section */
		F454F5C31BDF915B00E2B6CB /* Debug */ = {
			isa = XCBuildConfiguration;
			buildSettings = {
				ALWAYS_SEARCH_USER_PATHS = NO;
				CLANG_CXX_LANGUAGE_STANDARD = "gnu++0x";
				CLANG_CXX_LIBRARY = "libc++";
				CLANG_ENABLE_MODULES = YES;
				CLANG_ENABLE_OBJC_ARC = YES;
				CLANG_WARN_BOOL_CONVERSION = YES;
				CLANG_WARN_CONSTANT_CONVERSION = YES;
				CLANG_WARN_DIRECT_OBJC_ISA_USAGE = YES_ERROR;
				CLANG_WARN_EMPTY_BODY = YES;
				CLANG_WARN_ENUM_CONVERSION = YES;
				CLANG_WARN_INT_CONVERSION = YES;
				CLANG_WARN_OBJC_ROOT_CLASS = YES_ERROR;
				CLANG_WARN_UNREACHABLE_CODE = YES;
				CLANG_WARN__DUPLICATE_METHOD_MATCH = YES;
				CODE_SIGN_IDENTITY = "-";
				COPY_PHASE_STRIP = NO;
				DEBUG_INFORMATION_FORMAT = dwarf;
				ENABLE_STRICT_OBJC_MSGSEND = YES;
				ENABLE_TESTABILITY = YES;
				GCC_C_LANGUAGE_STANDARD = gnu99;
				GCC_DYNAMIC_NO_PIC = NO;
				GCC_NO_COMMON_BLOCKS = YES;
				GCC_OPTIMIZATION_LEVEL = 0;
				GCC_PREPROCESSOR_DEFINITIONS = (
					"DEBUG=1",
					"$(inherited)",
				);
				GCC_WARN_64_TO_32_BIT_CONVERSION = YES;
				GCC_WARN_ABOUT_RETURN_TYPE = YES_ERROR;
				GCC_WARN_UNDECLARED_SELECTOR = YES;
				GCC_WARN_UNINITIALIZED_AUTOS = YES_AGGRESSIVE;
				GCC_WARN_UNUSED_FUNCTION = YES;
				GCC_WARN_UNUSED_VARIABLE = YES;
				MACOSX_DEPLOYMENT_TARGET = 10.10;
				MTL_ENABLE_DEBUG_INFO = YES;
				ONLY_ACTIVE_ARCH = YES;
				SDKROOT = macosx;
			};
			name = Debug;
		};
		F454F5C41BDF915B00E2B6CB /* Release */ = {
			isa = XCBuildConfiguration;
			buildSettings = {
				ALWAYS_SEARCH_USER_PATHS = NO;
				CLANG_CXX_LANGUAGE_STANDARD = "gnu++0x";
				CLANG_CXX_LIBRARY = "libc++";
				CLANG_ENABLE_MODULES = YES;
				CLANG_ENABLE_OBJC_ARC = YES;
				CLANG_WARN_BOOL_CONVERSION = YES;
				CLANG_WARN_CONSTANT_CONVERSION = YES;
				CLANG_WARN_DIRECT_OBJC_ISA_USAGE = YES_ERROR;
				CLANG_WARN_EMPTY_BODY = YES;
				CLANG_WARN_ENUM_CONVERSION = YES;
				CLANG_WARN_INT_CONVERSION = YES;
				CLANG_WARN_OBJC_ROOT_CLASS = YES_ERROR;
				CLANG_WARN_UNREACHABLE_CODE = YES;
				CLANG_WARN__DUPLICATE_METHOD_MATCH = YES;
				CODE_SIGN_IDENTITY = "-";
				COPY_PHASE_STRIP = NO;
				DEBUG_INFORMATION_FORMAT = "dwarf-with-dsym";
				ENABLE_NS_ASSERTIONS = NO;
				ENABLE_STRICT_OBJC_MSGSEND = YES;
				GCC_C_LANGUAGE_STANDARD = gnu99;
				GCC_NO_COMMON_BLOCKS = YES;
				GCC_WARN_64_TO_32_BIT_CONVERSION = YES;
				GCC_WARN_ABOUT_RETURN_TYPE = YES_ERROR;
				GCC_WARN_UNDECLARED_SELECTOR = YES;
				GCC_WARN_UNINITIALIZED_AUTOS = YES_AGGRESSIVE;
				GCC_WARN_UNUSED_FUNCTION = YES;
				GCC_WARN_UNUSED_VARIABLE = YES;
				MACOSX_DEPLOYMENT_TARGET = 10.10;
				MTL_ENABLE_DEBUG_INFO = NO;
				SDKROOT = macosx;
			};
			name = Release;
		};
		F454F5C61BDF915B00E2B6CB /* Debug */ = {
			isa = XCBuildConfiguration;
			buildSettings = {
				PRODUCT_NAME = "$(TARGET_NAME)";
			};
			name = Debug;
		};
		F454F5C71BDF915B00E2B6CB /* Release */ = {
			isa = XCBuildConfiguration;
			buildSettings = {
				PRODUCT_NAME = "$(TARGET_NAME)";
			};
			name = Release;
		};
/* End XCBuildConfiguration section */

/* Begin XCConfigurationList section */
		F454F5B91BDF915B00E2B6CB /* Build configuration list for PBXProject "TensenTree" */ = {
			isa = XCConfigurationList;
			buildConfigurations = (
				F454F5C31BDF915B00E2B6CB /* Debug */,
				F454F5C41BDF915B00E2B6CB /* Release */,
			);
			defaultConfigurationIsVisible = 0;
			defaultConfigurationName = Release;
		};
		F454F5C51BDF915B00E2B6CB /* Build configuration list for PBXNativeTarget "TensenTree" */ = {
			isa = XCConfigurationList;
			buildConfigurations = (
				F454F5C61BDF915B00E2B6CB /* Debug */,
				F454F5C71BDF915B00E2B6CB /* Release */,
			);
			defaultConfigurationIsVisible = 0;
			defaultConfigurationName = Release;
		};
/* End XCConfigurationList section */
	};
	rootObject = F454F5B61BDF915B00E2B6CB /* Project object */;
}
